
Microsoft Visual Studio Solution File, Format Version 12.00
# Visual Studio Version 17
VisualStudioVersion = 17.2.32630.192
MinimumVisualStudioVersion = 10.0.40219.1
Project("{FAE04EC0-301F-11D3-BF4B-00C04F79EFBC}") = "API", "API\API.csproj", "{04A32284-D0B4-411A-A5BB-D06F502A20B0}"
EndProject
Project("{FAE04EC0-301F-11D3-BF4B-00C04F79EFBC}") = "DataAccess", "DataAccess\DataAccess.csproj", "{77B97F45-6673-4700-B36E-0DABA5299460}"
EndProject
Project("{FAE04EC0-301F-11D3-BF4B-00C04F79EFBC}") = "IdentityServer", "IdentityServer\IdentityServer.csproj", "{E0C0653B-1773-4634-A3CD-722ADFC7E341}"
EndProject
Global
	GlobalSection(SolutionConfigurationPlatforms) = preSolution
		Debug|Any CPU = Debug|Any CPU
		Release|Any CPU = Release|Any CPU
	EndGlobalSection
	GlobalSection(ProjectConfigurationPlatforms) = postSolution
		{04A32284-D0B4-411A-A5BB-D06F502A20B0}.Debug|Any CPU.ActiveCfg = Debug|Any CPU
		{04A32284-D0B4-411A-A5BB-D06F502A20B0}.Debug|Any CPU.Build.0 = Debug|Any CPU
		{04A32284-D0B4-411A-A5BB-D06F502A20B0}.Release|Any CPU.ActiveCfg = Release|Any CPU
		{04A32284-D0B4-411A-A5BB-D06F502A20B0}.Release|Any CPU.Build.0 = Release|Any CPU
		{77B97F45-6673-4700-B36E-0DABA5299460}.Debug|Any CPU.ActiveCfg = Debug|Any CPU
		{77B97F45-6673-4700-B36E-0DABA5299460}.Debug|Any CPU.Build.0 = Debug|Any CPU
		{77B97F45-6673-4700-B36E-0DABA5299460}.Release|Any CPU.ActiveCfg = Release|Any CPU
		{77B97F45-6673-4700-B36E-0DABA5299460}.Release|Any CPU.Build.0 = Release|Any CPU
		{E0C0653B-1773-4634-A3CD-722ADFC7E341}.Debug|Any CPU.ActiveCfg = Debug|Any CPU
		{E0C0653B-1773-4634-A3CD-722ADFC7E341}.Debug|Any CPU.Build.0 = Debug|Any CPU
		{E0C0653B-1773-4634-A3CD-722ADFC7E341}.Release|Any CPU.ActiveCfg = Release|Any CPU
		{E0C0653B-1773-4634-A3CD-722ADFC7E341}.Release|Any CPU.Build.0 = Release|Any CPU
	EndGlobalSection
	GlobalSection(SolutionProperties) = preSolution
		HideSolutionNode = FALSE
	EndGlobalSection
	GlobalSection(ExtensibilityGlobals) = postSolution
		SolutionGuid = {DCAD153D-1FF5-4781-865D-4A9B4A0EA5D5}
	EndGlobalSection
EndGlobal
